{
  "name": "dependency-tracer",
  "version": "1.0.0",
  "lockfileVersion": 1,
  "requires": true,
  "dependencies": {
    "common-ignore": {
      "version": "1.1.1",
      "resolved": "https://registry.npmjs.org/common-ignore/-/common-ignore-1.1.1.tgz",
      "integrity": "sha512-nVd7+fC7I0/LvGhvsFWcZZLQPka2BJ+dT7eeIwCgbqcuhlU57/39Bx3llpB8Y6mZbPzXfDTYGRpiSIdDNJv/Iw==",
      "dev": true,
      "requires": {
        "leadingzero": "^1.1.0",
        "minimist": "^1.2.5",
        "rollup": "^2.23.1"
      }
    },
    "fsevents": {
      "version": "2.1.3",
      "resolved": "https://registry.npmjs.org/fsevents/-/fsevents-2.1.3.tgz",
      "integrity": "sha512-Auw9a4AxqWpa9GUfj370BMPzzyncfBABW8Mab7BGWBYDj4Isgq+cDKtx0i6u9jcX9pQDnswsaaOTgTmA5pEjuQ==",
      "optional": true
    },
    "leadingzero": {
      "version": "1.1.0",
      "resolved": "https://registry.npmjs.org/leadingzero/-/leadingzero-1.1.0.tgz",
      "integrity": "sha512-evX+aKAL8ZD1wkT1Jh0NiQrSdgwy/BrDcB+anlY9j/B4bWP/3C087GV3kNK0frqC9HgxT2ep1LRZiOgXzKALcw==",
      "dev": true
    },
    "minimist": {
      "version": "1.2.5",
      "resolved": "https://registry.npmjs.org/minimist/-/minimist-1.2.5.tgz",
      "integrity": "sha512-FM9nNUYrRBAELZQT3xeZQ7fmMOBg6nWNmJKTcgsJeaLstP/UODVpGsr5OhXhhXg6f+qtJ8uiZ+PUxkDWcgIXLw==",
      "dev": true
    },
    "rollup": {
      "version": "2.26.0",
      "resolved": "https://registry.npmjs.org/rollup/-/rollup-2.26.0.tgz",
      "integrity": "sha512-1kwpBuxQERz+ymjPLepaXqf3NMRDwSumuEfW/fsTtflmyyhI6ev7nLy5Vdadvn01zd0WWAojRuvA2+0coPGCGQ==",
      "requires": {
        "fsevents": "~2.1.2"
      }
    }
  }
}
